
Microsoft Visual Studio Solution File, Format Version 12.00
# Visual Studio Version 16
VisualStudioVersion = 16.0.29728.190
MinimumVisualStudioVersion = 10.0.40219.1
Project("{FAE04EC0-301F-11D3-BF4B-00C04F79EFBC}") = "LojaPadraoMYSQL", "LojaPadraoMYSQL\LojaPadraoMYSQL.csproj", "{FF82D1EB-C599-4488-9863-AF70C2647B93}"
EndProject
Project("{FAE04EC0-301F-11D3-BF4B-00C04F79EFBC}") = "Modelos", "Modelos\Modelos.csproj", "{A25CBA7D-C8F6-49F7-8829-FCB8598CE694}"
EndProject
Project("{FAE04EC0-301F-11D3-BF4B-00C04F79EFBC}") = "DAL", "DAL\DAL.csproj", "{ECA17D73-9DED-4DA1-AF45-B673A04D45FD}"
EndProject
Project("{FAE04EC0-301F-11D3-BF4B-00C04F79EFBC}") = "BLL", "BLL\BLL.csproj", "{DAF81FB5-FFD6-4275-AB77-0E808826EA41}"
EndProject
Project("{FAE04EC0-301F-11D3-BF4B-00C04F79EFBC}") = "Ferramentas", "Ferramentas\Ferramentas.csproj", "{9ECB14FF-D520-4413-9BC3-2FF4AF330F7F}"
EndProject
Global
	GlobalSection(SolutionConfigurationPlatforms) = preSolution
		Debug|Any CPU = Debug|Any CPU
		Release|Any CPU = Release|Any CPU
	EndGlobalSection
	GlobalSection(ProjectConfigurationPlatforms) = postSolution
		{FF82D1EB-C599-4488-9863-AF70C2647B93}.Debug|Any CPU.ActiveCfg = Debug|Any CPU
		{FF82D1EB-C599-4488-9863-AF70C2647B93}.Debug|Any CPU.Build.0 = Debug|Any CPU
		{FF82D1EB-C599-4488-9863-AF70C2647B93}.Release|Any CPU.ActiveCfg = Release|Any CPU
		{FF82D1EB-C599-4488-9863-AF70C2647B93}.Release|Any CPU.Build.0 = Release|Any CPU
		{A25CBA7D-C8F6-49F7-8829-FCB8598CE694}.Debug|Any CPU.ActiveCfg = Debug|Any CPU
		{A25CBA7D-C8F6-49F7-8829-FCB8598CE694}.Debug|Any CPU.Build.0 = Debug|Any CPU
		{A25CBA7D-C8F6-49F7-8829-FCB8598CE694}.Release|Any CPU.ActiveCfg = Release|Any CPU
		{A25CBA7D-C8F6-49F7-8829-FCB8598CE694}.Release|Any CPU.Build.0 = Release|Any CPU
		{ECA17D73-9DED-4DA1-AF45-B673A04D45FD}.Debug|Any CPU.ActiveCfg = Debug|Any CPU
		{ECA17D73-9DED-4DA1-AF45-B673A04D45FD}.Debug|Any CPU.Build.0 = Debug|Any CPU
		{ECA17D73-9DED-4DA1-AF45-B673A04D45FD}.Release|Any CPU.ActiveCfg = Release|Any CPU
		{ECA17D73-9DED-4DA1-AF45-B673A04D45FD}.Release|Any CPU.Build.0 = Release|Any CPU
		{DAF81FB5-FFD6-4275-AB77-0E808826EA41}.Debug|Any CPU.ActiveCfg = Debug|Any CPU
		{DAF81FB5-FFD6-4275-AB77-0E808826EA41}.Debug|Any CPU.Build.0 = Debug|Any CPU
		{DAF81FB5-FFD6-4275-AB77-0E808826EA41}.Release|Any CPU.ActiveCfg = Release|Any CPU
		{DAF81FB5-FFD6-4275-AB77-0E808826EA41}.Release|Any CPU.Build.0 = Release|Any CPU
		{9ECB14FF-D520-4413-9BC3-2FF4AF330F7F}.Debug|Any CPU.ActiveCfg = Debug|Any CPU
		{9ECB14FF-D520-4413-9BC3-2FF4AF330F7F}.Debug|Any CPU.Build.0 = Debug|Any CPU
		{9ECB14FF-D520-4413-9BC3-2FF4AF330F7F}.Release|Any CPU.ActiveCfg = Release|Any CPU
		{9ECB14FF-D520-4413-9BC3-2FF4AF330F7F}.Release|Any CPU.Build.0 = Release|Any CPU
	EndGlobalSection
	GlobalSection(SolutionProperties) = preSolution
		HideSolutionNode = FALSE
	EndGlobalSection
	GlobalSection(ExtensibilityGlobals) = postSolution
		SolutionGuid = {4549142A-9448-4177-A0DD-EF4A129A132F}
	EndGlobalSection
EndGlobal
